
Microsoft Visual Studio Solution File, Format Version 12.00
# Visual Studio Version 16
VisualStudioVersion = 16.0.31025.194
MinimumVisualStudioVersion = 10.0.40219.1
Project("{FAE04EC0-301F-11D3-BF4B-00C04F79EFBC}") = "Task_4", "Task_4.csproj", "{34CDE6DA-1478-4A50-8C54-F962E0319858}"
EndProject
Project("{FAE04EC0-301F-11D3-BF4B-00C04F79EFBC}") = "Task4.tests", "..\Task4.tests\Task4.tests.csproj", "{DBF646C7-70FA-4CF4-8AF9-4F0CFB605A88}"
EndProject
Global
	GlobalSection(SolutionConfigurationPlatforms) = preSolution
		Debug|Any CPU = Debug|Any CPU
		Release|Any CPU = Release|Any CPU
	EndGlobalSection
	GlobalSection(ProjectConfigurationPlatforms) = postSolution
		{34CDE6DA-1478-4A50-8C54-F962E0319858}.Debug|Any CPU.ActiveCfg = Debug|Any CPU
		{34CDE6DA-1478-4A50-8C54-F962E0319858}.Debug|Any CPU.Build.0 = Debug|Any CPU
		{34CDE6DA-1478-4A50-8C54-F962E0319858}.Release|Any CPU.ActiveCfg = Release|Any CPU
		{34CDE6DA-1478-4A50-8C54-F962E0319858}.Release|Any CPU.Build.0 = Release|Any CPU
		{DBF646C7-70FA-4CF4-8AF9-4F0CFB605A88}.Debug|Any CPU.ActiveCfg = Debug|Any CPU
		{DBF646C7-70FA-4CF4-8AF9-4F0CFB605A88}.Debug|Any CPU.Build.0 = Debug|Any CPU
		{DBF646C7-70FA-4CF4-8AF9-4F0CFB605A88}.Release|Any CPU.ActiveCfg = Release|Any CPU
		{DBF646C7-70FA-4CF4-8AF9-4F0CFB605A88}.Release|Any CPU.Build.0 = Release|Any CPU
	EndGlobalSection
	GlobalSection(SolutionProperties) = preSolution
		HideSolutionNode = FALSE
	EndGlobalSection
	GlobalSection(ExtensibilityGlobals) = postSolution
		SolutionGuid = {0635B6A2-B9D5-4C6D-8569-7FAE65D432A0}
	EndGlobalSection
EndGlobal
